
Microsoft Visual Studio Solution File, Format Version 12.00
# Visual Studio Version 17
VisualStudioVersion = 17.5.33530.505
MinimumVisualStudioVersion = 10.0.40219.1
Project("{FAE04EC0-301F-11D3-BF4B-00C04F79EFBC}") = "WebFormsSignalRChat.Module", "WebFormsSignalRChat.Module\WebFormsSignalRChat.Module.csproj", "{EABA88C9-56A5-4002-8597-744EF8740864}"
EndProject
Project("{FAE04EC0-301F-11D3-BF4B-00C04F79EFBC}") = "WebFormsSignalRChat.Module.Web", "WebFormsSignalRChat.Module.Web\WebFormsSignalRChat.Module.Web.csproj", "{B8E54C6C-99F9-449F-AA9B-B8AA09975F55}"
EndProject
Project("{FAE04EC0-301F-11D3-BF4B-00C04F79EFBC}") = "WebFormsSignalRChat.Web", "WebFormsSignalRChat.Web\WebFormsSignalRChat.Web.csproj", "{8A2D527C-7884-4749-882E-34D858D7C6C1}"
EndProject
Global
	GlobalSection(SolutionConfigurationPlatforms) = preSolution
		Debug|Any CPU = Debug|Any CPU
		EasyTest|Any CPU = EasyTest|Any CPU
		Release|Any CPU = Release|Any CPU
	EndGlobalSection
	GlobalSection(ProjectConfigurationPlatforms) = postSolution
		{EABA88C9-56A5-4002-8597-744EF8740864}.Debug|Any CPU.ActiveCfg = Debug|Any CPU
		{EABA88C9-56A5-4002-8597-744EF8740864}.Debug|Any CPU.Build.0 = Debug|Any CPU
		{EABA88C9-56A5-4002-8597-744EF8740864}.EasyTest|Any CPU.ActiveCfg = EasyTest|Any CPU
		{EABA88C9-56A5-4002-8597-744EF8740864}.EasyTest|Any CPU.Build.0 = EasyTest|Any CPU
		{EABA88C9-56A5-4002-8597-744EF8740864}.Release|Any CPU.ActiveCfg = Release|Any CPU
		{EABA88C9-56A5-4002-8597-744EF8740864}.Release|Any CPU.Build.0 = Release|Any CPU
		{B8E54C6C-99F9-449F-AA9B-B8AA09975F55}.Debug|Any CPU.ActiveCfg = Debug|Any CPU
		{B8E54C6C-99F9-449F-AA9B-B8AA09975F55}.Debug|Any CPU.Build.0 = Debug|Any CPU
		{B8E54C6C-99F9-449F-AA9B-B8AA09975F55}.EasyTest|Any CPU.ActiveCfg = EasyTest|Any CPU
		{B8E54C6C-99F9-449F-AA9B-B8AA09975F55}.EasyTest|Any CPU.Build.0 = EasyTest|Any CPU
		{B8E54C6C-99F9-449F-AA9B-B8AA09975F55}.Release|Any CPU.ActiveCfg = Release|Any CPU
		{B8E54C6C-99F9-449F-AA9B-B8AA09975F55}.Release|Any CPU.Build.0 = Release|Any CPU
		{8A2D527C-7884-4749-882E-34D858D7C6C1}.Debug|Any CPU.ActiveCfg = Debug|Any CPU
		{8A2D527C-7884-4749-882E-34D858D7C6C1}.Debug|Any CPU.Build.0 = Debug|Any CPU
		{8A2D527C-7884-4749-882E-34D858D7C6C1}.EasyTest|Any CPU.ActiveCfg = EasyTest|Any CPU
		{8A2D527C-7884-4749-882E-34D858D7C6C1}.EasyTest|Any CPU.Build.0 = EasyTest|Any CPU
		{8A2D527C-7884-4749-882E-34D858D7C6C1}.Release|Any CPU.ActiveCfg = Release|Any CPU
		{8A2D527C-7884-4749-882E-34D858D7C6C1}.Release|Any CPU.Build.0 = Release|Any CPU
	EndGlobalSection
	GlobalSection(SolutionProperties) = preSolution
		HideSolutionNode = FALSE
	EndGlobalSection
	GlobalSection(ExtensibilityGlobals) = postSolution
		SolutionGuid = {162BD906-0EB1-4B77-9121-5E64C19FBB1A}
	EndGlobalSection
EndGlobal
